Microsoft Visual Studio Solution File, Format Version 12.00
# Visual Studio Version 17
VisualStudioVersion = 17.0.31903.59
MinimumVisualStudioVersion = 10.0.40219.1
Project("{2150E333-8FDC-42A3-9474-1A3956D46DE8}") = "BuildingBlocks", "BuildingBlocks", "{2CB71AC3-3BA7-53E5-A597-21D627609A18}"
EndProject
Project("{2150E333-8FDC-42A3-9474-1A3956D46DE8}") = "Modules", "Modules", "{269A4010-3B40-5463-B7A9-4BD17A8C50C3}"
EndProject
Project("{2150E333-8FDC-42A3-9474-1A3956D46DE8}") = "Customers", "Customers", "{2306EAEC-252E-59F8-8A6B-291597905E5B}"
EndProject
Project("{2150E333-8FDC-42A3-9474-1A3956D46DE8}") = "Orders", "Orders", "{333F37C7-9DF8-5E0E-A645-B8E16EAF5CD7}"
EndProject
Project("{2150E333-8FDC-42A3-9474-1A3956D46DE8}") = "Bootstrapper", "Bootstrapper", "{1D3487AF-F9F4-506B-BC02-62CCD4EEBB90}"
EndProject
Project("{2150E333-8FDC-42A3-9474-1A3956D46DE8}") = "tests", "tests", "{4575D6C6-E8CE-5DC7-A4E5-C735D43CCEE7}"
EndProject
Project("{9A19103F-16F7-4668-BE54-9A1E7A4F7556}") = "BuildingBlocks.SharedKernel", "src\BuildingBlocks\BuildingBlocks.SharedKernel\BuildingBlocks.SharedKernel.csproj", "{501BA828-BFB0-53FF-8E92-9F717CAFA6B0}"
EndProject
Project("{9A19103F-16F7-4668-BE54-9A1E7A4F7556}") = "BuildingBlocks.Domain", "src\BuildingBlocks\BuildingBlocks.Domain\BuildingBlocks.Domain.csproj", "{9EAC980F-5D23-5A6D-B809-000E71C52313}"
EndProject
Project("{9A19103F-16F7-4668-BE54-9A1E7A4F7556}") = "BuildingBlocks.Application", "src\BuildingBlocks\BuildingBlocks.Application\BuildingBlocks.Application.csproj", "{A3C090C3-1674-5C3B-9C34-B79B81113476}"
EndProject
Project("{9A19103F-16F7-4668-BE54-9A1E7A4F7556}") = "BuildingBlocks.EventBus", "src\BuildingBlocks\BuildingBlocks.EventBus\BuildingBlocks.EventBus.csproj", "{4648DA16-6969-5D73-A45C-0AB5D21BFF56}"
EndProject
Project("{9A19103F-16F7-4668-BE54-9A1E7A4F7556}") = "BuildingBlocks.UnitOfWork", "src\BuildingBlocks\BuildingBlocks.UnitOfWork\BuildingBlocks.UnitOfWork.csproj", "{A70BEDED-96FD-5324-B395-47B709D81434}"
EndProject
Project("{9A19103F-16F7-4668-BE54-9A1E7A4F7556}") = "BuildingBlocks.Infrastructure", "src\BuildingBlocks\BuildingBlocks.Infrastructure\BuildingBlocks.Infrastructure.csproj", "{AA368FDA-063E-5D36-B998-EB3126F510D5}"
EndProject
Project("{9A19103F-16F7-4668-BE54-9A1E7A4F7556}") = "BuildingBlocks.MultiTenancy", "src\BuildingBlocks\BuildingBlocks.MultiTenancy\BuildingBlocks.MultiTenancy.csproj", "{0D011EB2-8D5C-5251-A87A-2276A2080F8B}"
EndProject
Project("{9A19103F-16F7-4668-BE54-9A1E7A4F7556}") = "BuildingBlocks.Observability", "src\BuildingBlocks\BuildingBlocks.Observability\BuildingBlocks.Observability.csproj", "{59531DBD-48E7-5246-A909-4EADB9FBC74A}"
EndProject
Project("{9A19103F-16F7-4668-BE54-9A1E7A4F7556}") = "BuildingBlocks.Presentation", "src\BuildingBlocks\BuildingBlocks.Presentation\BuildingBlocks.Presentation.csproj", "{D9636395-12E7-5FE9-B77C-BA25989A9F4B}"
EndProject
Project("{9A19103F-16F7-4668-BE54-9A1E7A4F7556}") = "Customers.Contracts", "src\Modules\Customers\Customers.Contracts\Customers.Contracts.csproj", "{35F8C74D-F248-5EC4-9ED2-15616E87AAA5}"
EndProject
Project("{9A19103F-16F7-4668-BE54-9A1E7A4F7556}") = "Customers.IntegrationEvents", "src\Modules\Customers\Customers.IntegrationEvents\Customers.IntegrationEvents.csproj", "{5BE91963-939C-5196-BD81-F0C677E1D0F2}"
EndProject
Project("{9A19103F-16F7-4668-BE54-9A1E7A4F7556}") = "Customers.Domain", "src\Modules\Customers\Customers.Domain\Customers.Domain.csproj", "{865E52B6-CE6F-5A5E-AF3C-9AC748A9ED50}"
EndProject
Project("{9A19103F-16F7-4668-BE54-9A1E7A4F7556}") = "Customers.Application", "src\Modules\Customers\Customers.Application\Customers.Application.csproj", "{A5EE1E9E-E97A-5A9E-A8DA-E92B2A8C91E3}"
EndProject
Project("{9A19103F-16F7-4668-BE54-9A1E7A4F7556}") = "Customers.Infrastructure", "src\Modules\Customers\Customers.Infrastructure\Customers.Infrastructure.csproj", "{EA177648-2B3B-5579-9E40-699D5AFAD4E7}"
EndProject
Project("{9A19103F-16F7-4668-BE54-9A1E7A4F7556}") = "Customers.Presentation", "src\Modules\Customers\Customers.Presentation\Customers.Presentation.csproj", "{71E6810C-675B-5BFB-9E09-2B934A447C37}"
EndProject
Project("{9A19103F-16F7-4668-BE54-9A1E7A4F7556}") = "Orders.Contracts", "src\Modules\Orders\Orders.Contracts\Orders.Contracts.csproj", "{2A353B97-0D56-53E9-B770-20F74E4F636F}"
EndProject
Project("{9A19103F-16F7-4668-BE54-9A1E7A4F7556}") = "Orders.IntegrationEvents", "src\Modules\Orders\Orders.IntegrationEvents\Orders.IntegrationEvents.csproj", "{8F6175FC-4E3F-5D1B-A1BA-97DC59E3144C}"
EndProject
Project("{9A19103F-16F7-4668-BE54-9A1E7A4F7556}") = "Orders.Domain", "src\Modules\Orders\Orders.Domain\Orders.Domain.csproj", "{7F6FFFA3-282A-56A7-8565-E70EF9E05143}"
EndProject
Project("{9A19103F-16F7-4668-BE54-9A1E7A4F7556}") = "Orders.Application", "src\Modules\Orders\Orders.Application\Orders.Application.csproj", "{B526DFA9-3EB0-55BD-A87D-10804FF13828}"
EndProject
Project("{9A19103F-16F7-4668-BE54-9A1E7A4F7556}") = "Orders.Infrastructure", "src\Modules\Orders\Orders.Infrastructure\Orders.Infrastructure.csproj", "{F9C91027-61B3-5F45-9D99-902F5F889AAC}"
EndProject
Project("{9A19103F-16F7-4668-BE54-9A1E7A4F7556}") = "Orders.Presentation", "src\Modules\Orders\Orders.Presentation\Orders.Presentation.csproj", "{34A1962E-D004-5578-9F37-012C42FEC789}"
EndProject
Project("{9A19103F-16F7-4668-BE54-9A1E7A4F7556}") = "EnterpriseModularMonolith.Api", "src\Bootstrapper\EnterpriseModularMonolith.Api\EnterpriseModularMonolith.Api.csproj", "{2DD547E4-71B7-59DF-8CA0-ED43870CD559}"
EndProject
Project("{9A19103F-16F7-4668-BE54-9A1E7A4F7556}") = "ArchitectureTests", "tests\ArchitectureTests\ArchitectureTests.csproj", "{AA074CB5-E54C-562A-858D-0E85C6421DED}"
EndProject
Project("{9A19103F-16F7-4668-BE54-9A1E7A4F7556}") = "Customers.UnitTests", "tests\Customers.UnitTests\Customers.UnitTests.csproj", "{35F13853-2108-5B58-BEC7-21D2E171B17C}"
EndProject
Project("{9A19103F-16F7-4668-BE54-9A1E7A4F7556}") = "Orders.UnitTests", "tests\Orders.UnitTests\Orders.UnitTests.csproj", "{CF6A0307-B084-543B-91F6-FCA25A91A610}"
EndProject
Project("{9A19103F-16F7-4668-BE54-9A1E7A4F7556}") = "IntegrationTests", "tests\IntegrationTests\IntegrationTests.csproj", "{78BAC402-B65A-519B-9058-2B540430AAF4}"
EndProject
Project("{2150E333-8FDC-42A3-9474-1A3956D46DE8}") = "Inventories", "Inventories", "{192F36F0-3203-4CB1-B8B3-C959065E5AD6}"
EndProject
Project("{FAE04EC0-301F-11D3-BF4B-00C04F79EFBC}") = "Inventories.Domain", "src\Modules\Inventories\Inventories.Domain\Inventories.Domain.csproj", "{0AB9D005-4A21-4C66-A2C3-B9A59AF8E3EC}"
EndProject
Project("{FAE04EC0-301F-11D3-BF4B-00C04F79EFBC}") = "Inventories.Application", "src\Modules\Inventories\Inventories.Application\Inventories.Application.csproj", "{9BF9E78E-7379-4761-9B5E-FAC80E907803}"
EndProject
Project("{FAE04EC0-301F-11D3-BF4B-00C04F79EFBC}") = "Inventories.Infrastructure", "src\Modules\Inventories\Inventories.Infrastructure\Inventories.Infrastructure.csproj", "{5A29A602-2EED-4A73-809A-1729F1AC0E5C}"
EndProject
Project("{FAE04EC0-301F-11D3-BF4B-00C04F79EFBC}") = "Inventories.Presentation", "src\Modules\Inventories\Inventories.Presentation\Inventories.Presentation.csproj", "{CCD5A130-A335-4E0A-8CE2-5A8198DD50B5}"
EndProject
Project("{FAE04EC0-301F-11D3-BF4B-00C04F79EFBC}") = "Inventories.Contracts", "src\Modules\Inventories\Inventories.Contracts\Inventories.Contracts.csproj", "{4BBA13B2-30DC-4DFC-B0C8-C162D67B96AA}"
EndProject
Project("{FAE04EC0-301F-11D3-BF4B-00C04F79EFBC}") = "Inventories.IntegrationEvents", "src\Modules\Inventories\Inventories.IntegrationEvents\Inventories.IntegrationEvents.csproj", "{E4AD7AF5-F900-4725-B8E1-497A68AEF004}"
EndProject
Global
	GlobalSection(SolutionConfigurationPlatforms) = preSolution
		Debug|Any CPU = Debug|Any CPU
		Release|Any CPU = Release|Any CPU
	EndGlobalSection
	GlobalSection(ProjectConfigurationPlatforms) = postSolution
		{501BA828-BFB0-53FF-8E92-9F717CAFA6B0}.Debug|Any CPU.ActiveCfg = Debug|Any CPU
		{501BA828-BFB0-53FF-8E92-9F717CAFA6B0}.Debug|Any CPU.Build.0 = Debug|Any CPU
		{501BA828-BFB0-53FF-8E92-9F717CAFA6B0}.Release|Any CPU.ActiveCfg = Release|Any CPU
		{501BA828-BFB0-53FF-8E92-9F717CAFA6B0}.Release|Any CPU.Build.0 = Release|Any CPU
		{9EAC980F-5D23-5A6D-B809-000E71C52313}.Debug|Any CPU.ActiveCfg = Debug|Any CPU
		{9EAC980F-5D23-5A6D-B809-000E71C52313}.Debug|Any CPU.Build.0 = Debug|Any CPU
		{9EAC980F-5D23-5A6D-B809-000E71C52313}.Release|Any CPU.ActiveCfg = Release|Any CPU
		{9EAC980F-5D23-5A6D-B809-000E71C52313}.Release|Any CPU.Build.0 = Release|Any CPU
		{A3C090C3-1674-5C3B-9C34-B79B81113476}.Debug|Any CPU.ActiveCfg = Debug|Any CPU
		{A3C090C3-1674-5C3B-9C34-B79B81113476}.Debug|Any CPU.Build.0 = Debug|Any CPU
		{A3C090C3-1674-5C3B-9C34-B79B81113476}.Release|Any CPU.ActiveCfg = Release|Any CPU
		{A3C090C3-1674-5C3B-9C34-B79B81113476}.Release|Any CPU.Build.0 = Release|Any CPU
		{4648DA16-6969-5D73-A45C-0AB5D21BFF56}.Debug|Any CPU.ActiveCfg = Debug|Any CPU
		{4648DA16-6969-5D73-A45C-0AB5D21BFF56}.Debug|Any CPU.Build.0 = Debug|Any CPU
		{4648DA16-6969-5D73-A45C-0AB5D21BFF56}.Release|Any CPU.ActiveCfg = Release|Any CPU
		{4648DA16-6969-5D73-A45C-0AB5D21BFF56}.Release|Any CPU.Build.0 = Release|Any CPU
		{A70BEDED-96FD-5324-B395-47B709D81434}.Debug|Any CPU.ActiveCfg = Debug|Any CPU
		{A70BEDED-96FD-5324-B395-47B709D81434}.Debug|Any CPU.Build.0 = Debug|Any CPU
		{A70BEDED-96FD-5324-B395-47B709D81434}.Release|Any CPU.ActiveCfg = Release|Any CPU
		{A70BEDED-96FD-5324-B395-47B709D81434}.Release|Any CPU.Build.0 = Release|Any CPU
		{AA368FDA-063E-5D36-B998-EB3126F510D5}.Debug|Any CPU.ActiveCfg = Debug|Any CPU
		{AA368FDA-063E-5D36-B998-EB3126F510D5}.Debug|Any CPU.Build.0 = Debug|Any CPU
		{AA368FDA-063E-5D36-B998-EB3126F510D5}.Release|Any CPU.ActiveCfg = Release|Any CPU
		{AA368FDA-063E-5D36-B998-EB3126F510D5}.Release|Any CPU.Build.0 = Release|Any CPU
		{0D011EB2-8D5C-5251-A87A-2276A2080F8B}.Debug|Any CPU.ActiveCfg = Debug|Any CPU
		{0D011EB2-8D5C-5251-A87A-2276A2080F8B}.Debug|Any CPU.Build.0 = Debug|Any CPU
		{0D011EB2-8D5C-5251-A87A-2276A2080F8B}.Release|Any CPU.ActiveCfg = Release|Any CPU
		{0D011EB2-8D5C-5251-A87A-2276A2080F8B}.Release|Any CPU.Build.0 = Release|Any CPU
		{59531DBD-48E7-5246-A909-4EADB9FBC74A}.Debug|Any CPU.ActiveCfg = Debug|Any CPU
		{59531DBD-48E7-5246-A909-4EADB9FBC74A}.Debug|Any CPU.Build.0 = Debug|Any CPU
		{59531DBD-48E7-5246-A909-4EADB9FBC74A}.Release|Any CPU.ActiveCfg = Release|Any CPU
		{59531DBD-48E7-5246-A909-4EADB9FBC74A}.Release|Any CPU.Build.0 = Release|Any CPU
		{D9636395-12E7-5FE9-B77C-BA25989A9F4B}.Debug|Any CPU.ActiveCfg = Debug|Any CPU
		{D9636395-12E7-5FE9-B77C-BA25989A9F4B}.Debug|Any CPU.Build.0 = Debug|Any CPU
		{D9636395-12E7-5FE9-B77C-BA25989A9F4B}.Release|Any CPU.ActiveCfg = Release|Any CPU
		{D9636395-12E7-5FE9-B77C-BA25989A9F4B}.Release|Any CPU.Build.0 = Release|Any CPU
		{35F8C74D-F248-5EC4-9ED2-15616E87AAA5}.Debug|Any CPU.ActiveCfg = Debug|Any CPU
		{35F8C74D-F248-5EC4-9ED2-15616E87AAA5}.Debug|Any CPU.Build.0 = Debug|Any CPU
		{35F8C74D-F248-5EC4-9ED2-15616E87AAA5}.Release|Any CPU.ActiveCfg = Release|Any CPU
		{35F8C74D-F248-5EC4-9ED2-15616E87AAA5}.Release|Any CPU.Build.0 = Release|Any CPU
		{5BE91963-939C-5196-BD81-F0C677E1D0F2}.Debug|Any CPU.ActiveCfg = Debug|Any CPU
		{5BE91963-939C-5196-BD81-F0C677E1D0F2}.Debug|Any CPU.Build.0 = Debug|Any CPU
		{5BE91963-939C-5196-BD81-F0C677E1D0F2}.Release|Any CPU.ActiveCfg = Release|Any CPU
		{5BE91963-939C-5196-BD81-F0C677E1D0F2}.Release|Any CPU.Build.0 = Release|Any CPU
		{865E52B6-CE6F-5A5E-AF3C-9AC748A9ED50}.Debug|Any CPU.ActiveCfg = Debug|Any CPU
		{865E52B6-CE6F-5A5E-AF3C-9AC748A9ED50}.Debug|Any CPU.Build.0 = Debug|Any CPU
		{865E52B6-CE6F-5A5E-AF3C-9AC748A9ED50}.Release|Any CPU.ActiveCfg = Release|Any CPU
		{865E52B6-CE6F-5A5E-AF3C-9AC748A9ED50}.Release|Any CPU.Build.0 = Release|Any CPU
		{A5EE1E9E-E97A-5A9E-A8DA-E92B2A8C91E3}.Debug|Any CPU.ActiveCfg = Debug|Any CPU
		{A5EE1E9E-E97A-5A9E-A8DA-E92B2A8C91E3}.Debug|Any CPU.Build.0 = Debug|Any CPU
		{A5EE1E9E-E97A-5A9E-A8DA-E92B2A8C91E3}.Release|Any CPU.ActiveCfg = Release|Any CPU
		{A5EE1E9E-E97A-5A9E-A8DA-E92B2A8C91E3}.Release|Any CPU.Build.0 = Release|Any CPU
		{EA177648-2B3B-5579-9E40-699D5AFAD4E7}.Debug|Any CPU.ActiveCfg = Debug|Any CPU
		{EA177648-2B3B-5579-9E40-699D5AFAD4E7}.Debug|Any CPU.Build.0 = Debug|Any CPU
		{EA177648-2B3B-5579-9E40-699D5AFAD4E7}.Release|Any CPU.ActiveCfg = Release|Any CPU
		{EA177648-2B3B-5579-9E40-699D5AFAD4E7}.Release|Any CPU.Build.0 = Release|Any CPU
		{71E6810C-675B-5BFB-9E09-2B934A447C37}.Debug|Any CPU.ActiveCfg = Debug|Any CPU
		{71E6810C-675B-5BFB-9E09-2B934A447C37}.Debug|Any CPU.Build.0 = Debug|Any CPU
		{71E6810C-675B-5BFB-9E09-2B934A447C37}.Release|Any CPU.ActiveCfg = Release|Any CPU
		{71E6810C-675B-5BFB-9E09-2B934A447C37}.Release|Any CPU.Build.0 = Release|Any CPU
		{2A353B97-0D56-53E9-B770-20F74E4F636F}.Debug|Any CPU.ActiveCfg = Debug|Any CPU
		{2A353B97-0D56-53E9-B770-20F74E4F636F}.Debug|Any CPU.Build.0 = Debug|Any CPU
		{2A353B97-0D56-53E9-B770-20F74E4F636F}.Release|Any CPU.ActiveCfg = Release|Any CPU
		{2A353B97-0D56-53E9-B770-20F74E4F636F}.Release|Any CPU.Build.0 = Release|Any CPU
		{8F6175FC-4E3F-5D1B-A1BA-97DC59E3144C}.Debug|Any CPU.ActiveCfg = Debug|Any CPU
		{8F6175FC-4E3F-5D1B-A1BA-97DC59E3144C}.Debug|Any CPU.Build.0 = Debug|Any CPU
		{8F6175FC-4E3F-5D1B-A1BA-97DC59E3144C}.Release|Any CPU.ActiveCfg = Release|Any CPU
		{8F6175FC-4E3F-5D1B-A1BA-97DC59E3144C}.Release|Any CPU.Build.0 = Release|Any CPU
		{7F6FFFA3-282A-56A7-8565-E70EF9E05143}.Debug|Any CPU.ActiveCfg = Debug|Any CPU
		{7F6FFFA3-282A-56A7-8565-E70EF9E05143}.Debug|Any CPU.Build.0 = Debug|Any CPU
		{7F6FFFA3-282A-56A7-8565-E70EF9E05143}.Release|Any CPU.ActiveCfg = Release|Any CPU
		{7F6FFFA3-282A-56A7-8565-E70EF9E05143}.Release|Any CPU.Build.0 = Release|Any CPU
		{B526DFA9-3EB0-55BD-A87D-10804FF13828}.Debug|Any CPU.ActiveCfg = Debug|Any CPU
		{B526DFA9-3EB0-55BD-A87D-10804FF13828}.Debug|Any CPU.Build.0 = Debug|Any CPU
		{B526DFA9-3EB0-55BD-A87D-10804FF13828}.Release|Any CPU.ActiveCfg = Release|Any CPU
		{B526DFA9-3EB0-55BD-A87D-10804FF13828}.Release|Any CPU.Build.0 = Release|Any CPU
		{F9C91027-61B3-5F45-9D99-902F5F889AAC}.Debug|Any CPU.ActiveCfg = Debug|Any CPU
		{F9C91027-61B3-5F45-9D99-902F5F889AAC}.Debug|Any CPU.Build.0 = Debug|Any CPU
		{F9C91027-61B3-5F45-9D99-902F5F889AAC}.Release|Any CPU.ActiveCfg = Release|Any CPU
		{F9C91027-61B3-5F45-9D99-902F5F889AAC}.Release|Any CPU.Build.0 = Release|Any CPU
		{34A1962E-D004-5578-9F37-012C42FEC789}.Debug|Any CPU.ActiveCfg = Debug|Any CPU
		{34A1962E-D004-5578-9F37-012C42FEC789}.Debug|Any CPU.Build.0 = Debug|Any CPU
		{34A1962E-D004-5578-9F37-012C42FEC789}.Release|Any CPU.ActiveCfg = Release|Any CPU
		{34A1962E-D004-5578-9F37-012C42FEC789}.Release|Any CPU.Build.0 = Release|Any CPU
		{2DD547E4-71B7-59DF-8CA0-ED43870CD559}.Debug|Any CPU.ActiveCfg = Debug|Any CPU
		{2DD547E4-71B7-59DF-8CA0-ED43870CD559}.Debug|Any CPU.Build.0 = Debug|Any CPU
		{2DD547E4-71B7-59DF-8CA0-ED43870CD559}.Release|Any CPU.ActiveCfg = Release|Any CPU
		{2DD547E4-71B7-59DF-8CA0-ED43870CD559}.Release|Any CPU.Build.0 = Release|Any CPU
		{AA074CB5-E54C-562A-858D-0E85C6421DED}.Debug|Any CPU.ActiveCfg = Debug|Any CPU
		{AA074CB5-E54C-562A-858D-0E85C6421DED}.Debug|Any CPU.Build.0 = Debug|Any CPU
		{AA074CB5-E54C-562A-858D-0E85C6421DED}.Release|Any CPU.ActiveCfg = Release|Any CPU
		{AA074CB5-E54C-562A-858D-0E85C6421DED}.Release|Any CPU.Build.0 = Release|Any CPU
		{35F13853-2108-5B58-BEC7-21D2E171B17C}.Debug|Any CPU.ActiveCfg = Debug|Any CPU
		{35F13853-2108-5B58-BEC7-21D2E171B17C}.Debug|Any CPU.Build.0 = Debug|Any CPU
		{35F13853-2108-5B58-BEC7-21D2E171B17C}.Release|Any CPU.ActiveCfg = Release|Any CPU
		{35F13853-2108-5B58-BEC7-21D2E171B17C}.Release|Any CPU.Build.0 = Release|Any CPU
		{CF6A0307-B084-543B-91F6-FCA25A91A610}.Debug|Any CPU.ActiveCfg = Debug|Any CPU
		{CF6A0307-B084-543B-91F6-FCA25A91A610}.Debug|Any CPU.Build.0 = Debug|Any CPU
		{CF6A0307-B084-543B-91F6-FCA25A91A610}.Release|Any CPU.ActiveCfg = Release|Any CPU
		{CF6A0307-B084-543B-91F6-FCA25A91A610}.Release|Any CPU.Build.0 = Release|Any CPU
		{78BAC402-B65A-519B-9058-2B540430AAF4}.Debug|Any CPU.ActiveCfg = Debug|Any CPU
		{78BAC402-B65A-519B-9058-2B540430AAF4}.Debug|Any CPU.Build.0 = Debug|Any CPU
		{78BAC402-B65A-519B-9058-2B540430AAF4}.Release|Any CPU.ActiveCfg = Release|Any CPU
		{78BAC402-B65A-519B-9058-2B540430AAF4}.Release|Any CPU.Build.0 = Release|Any CPU
		{0AB9D005-4A21-4C66-A2C3-B9A59AF8E3EC}.Debug|Any CPU.ActiveCfg = Debug|Any CPU
		{0AB9D005-4A21-4C66-A2C3-B9A59AF8E3EC}.Debug|Any CPU.Build.0 = Debug|Any CPU
		{0AB9D005-4A21-4C66-A2C3-B9A59AF8E3EC}.Release|Any CPU.ActiveCfg = Release|Any CPU
		{0AB9D005-4A21-4C66-A2C3-B9A59AF8E3EC}.Release|Any CPU.Build.0 = Release|Any CPU
		{9BF9E78E-7379-4761-9B5E-FAC80E907803}.Debug|Any CPU.ActiveCfg = Debug|Any CPU
		{9BF9E78E-7379-4761-9B5E-FAC80E907803}.Debug|Any CPU.Build.0 = Debug|Any CPU
		{9BF9E78E-7379-4761-9B5E-FAC80E907803}.Release|Any CPU.ActiveCfg = Release|Any CPU
		{9BF9E78E-7379-4761-9B5E-FAC80E907803}.Release|Any CPU.Build.0 = Release|Any CPU
		{5A29A602-2EED-4A73-809A-1729F1AC0E5C}.Debug|Any CPU.ActiveCfg = Debug|Any CPU
		{5A29A602-2EED-4A73-809A-1729F1AC0E5C}.Debug|Any CPU.Build.0 = Debug|Any CPU
		{5A29A602-2EED-4A73-809A-1729F1AC0E5C}.Release|Any CPU.ActiveCfg = Release|Any CPU
		{5A29A602-2EED-4A73-809A-1729F1AC0E5C}.Release|Any CPU.Build.0 = Release|Any CPU
		{CCD5A130-A335-4E0A-8CE2-5A8198DD50B5}.Debug|Any CPU.ActiveCfg = Debug|Any CPU
		{CCD5A130-A335-4E0A-8CE2-5A8198DD50B5}.Debug|Any CPU.Build.0 = Debug|Any CPU
		{CCD5A130-A335-4E0A-8CE2-5A8198DD50B5}.Release|Any CPU.ActiveCfg = Release|Any CPU
		{CCD5A130-A335-4E0A-8CE2-5A8198DD50B5}.Release|Any CPU.Build.0 = Release|Any CPU
		{4BBA13B2-30DC-4DFC-B0C8-C162D67B96AA}.Debug|Any CPU.ActiveCfg = Debug|Any CPU
		{4BBA13B2-30DC-4DFC-B0C8-C162D67B96AA}.Debug|Any CPU.Build.0 = Debug|Any CPU
		{4BBA13B2-30DC-4DFC-B0C8-C162D67B96AA}.Release|Any CPU.ActiveCfg = Release|Any CPU
		{4BBA13B2-30DC-4DFC-B0C8-C162D67B96AA}.Release|Any CPU.Build.0 = Release|Any CPU
		{E4AD7AF5-F900-4725-B8E1-497A68AEF004}.Debug|Any CPU.ActiveCfg = Debug|Any CPU
		{E4AD7AF5-F900-4725-B8E1-497A68AEF004}.Debug|Any CPU.Build.0 = Debug|Any CPU
		{E4AD7AF5-F900-4725-B8E1-497A68AEF004}.Release|Any CPU.ActiveCfg = Release|Any CPU
		{E4AD7AF5-F900-4725-B8E1-497A68AEF004}.Release|Any CPU.Build.0 = Release|Any CPU
	EndGlobalSection
	GlobalSection(SolutionProperties) = preSolution
		HideSolutionNode = FALSE
	EndGlobalSection
	GlobalSection(NestedProjects) = preSolution
		{2306EAEC-252E-59F8-8A6B-291597905E5B} = {269A4010-3B40-5463-B7A9-4BD17A8C50C3}
		{333F37C7-9DF8-5E0E-A645-B8E16EAF5CD7} = {269A4010-3B40-5463-B7A9-4BD17A8C50C3}
		{501BA828-BFB0-53FF-8E92-9F717CAFA6B0} = {2CB71AC3-3BA7-53E5-A597-21D627609A18}
		{9EAC980F-5D23-5A6D-B809-000E71C52313} = {2CB71AC3-3BA7-53E5-A597-21D627609A18}
		{A3C090C3-1674-5C3B-9C34-B79B81113476} = {2CB71AC3-3BA7-53E5-A597-21D627609A18}
		{4648DA16-6969-5D73-A45C-0AB5D21BFF56} = {2CB71AC3-3BA7-53E5-A597-21D627609A18}
		{A70BEDED-96FD-5324-B395-47B709D81434} = {2CB71AC3-3BA7-53E5-A597-21D627609A18}
		{AA368FDA-063E-5D36-B998-EB3126F510D5} = {2CB71AC3-3BA7-53E5-A597-21D627609A18}
		{0D011EB2-8D5C-5251-A87A-2276A2080F8B} = {2CB71AC3-3BA7-53E5-A597-21D627609A18}
		{59531DBD-48E7-5246-A909-4EADB9FBC74A} = {2CB71AC3-3BA7-53E5-A597-21D627609A18}
		{D9636395-12E7-5FE9-B77C-BA25989A9F4B} = {2CB71AC3-3BA7-53E5-A597-21D627609A18}
		{35F8C74D-F248-5EC4-9ED2-15616E87AAA5} = {2306EAEC-252E-59F8-8A6B-291597905E5B}
		{5BE91963-939C-5196-BD81-F0C677E1D0F2} = {2306EAEC-252E-59F8-8A6B-291597905E5B}
		{865E52B6-CE6F-5A5E-AF3C-9AC748A9ED50} = {2306EAEC-252E-59F8-8A6B-291597905E5B}
		{A5EE1E9E-E97A-5A9E-A8DA-E92B2A8C91E3} = {2306EAEC-252E-59F8-8A6B-291597905E5B}
		{EA177648-2B3B-5579-9E40-699D5AFAD4E7} = {2306EAEC-252E-59F8-8A6B-291597905E5B}
		{71E6810C-675B-5BFB-9E09-2B934A447C37} = {2306EAEC-252E-59F8-8A6B-291597905E5B}
		{2A353B97-0D56-53E9-B770-20F74E4F636F} = {333F37C7-9DF8-5E0E-A645-B8E16EAF5CD7}
		{8F6175FC-4E3F-5D1B-A1BA-97DC59E3144C} = {333F37C7-9DF8-5E0E-A645-B8E16EAF5CD7}
		{7F6FFFA3-282A-56A7-8565-E70EF9E05143} = {333F37C7-9DF8-5E0E-A645-B8E16EAF5CD7}
		{B526DFA9-3EB0-55BD-A87D-10804FF13828} = {333F37C7-9DF8-5E0E-A645-B8E16EAF5CD7}
		{F9C91027-61B3-5F45-9D99-902F5F889AAC} = {333F37C7-9DF8-5E0E-A645-B8E16EAF5CD7}
		{34A1962E-D004-5578-9F37-012C42FEC789} = {333F37C7-9DF8-5E0E-A645-B8E16EAF5CD7}
		{2DD547E4-71B7-59DF-8CA0-ED43870CD559} = {1D3487AF-F9F4-506B-BC02-62CCD4EEBB90}
		{AA074CB5-E54C-562A-858D-0E85C6421DED} = {4575D6C6-E8CE-5DC7-A4E5-C735D43CCEE7}
		{35F13853-2108-5B58-BEC7-21D2E171B17C} = {4575D6C6-E8CE-5DC7-A4E5-C735D43CCEE7}
		{CF6A0307-B084-543B-91F6-FCA25A91A610} = {4575D6C6-E8CE-5DC7-A4E5-C735D43CCEE7}
		{78BAC402-B65A-519B-9058-2B540430AAF4} = {4575D6C6-E8CE-5DC7-A4E5-C735D43CCEE7}
		{192F36F0-3203-4CB1-B8B3-C959065E5AD6} = {269A4010-3B40-5463-B7A9-4BD17A8C50C3}
		{0AB9D005-4A21-4C66-A2C3-B9A59AF8E3EC} = {192F36F0-3203-4CB1-B8B3-C959065E5AD6}
		{9BF9E78E-7379-4761-9B5E-FAC80E907803} = {192F36F0-3203-4CB1-B8B3-C959065E5AD6}
		{5A29A602-2EED-4A73-809A-1729F1AC0E5C} = {192F36F0-3203-4CB1-B8B3-C959065E5AD6}
		{CCD5A130-A335-4E0A-8CE2-5A8198DD50B5} = {192F36F0-3203-4CB1-B8B3-C959065E5AD6}
		{4BBA13B2-30DC-4DFC-B0C8-C162D67B96AA} = {192F36F0-3203-4CB1-B8B3-C959065E5AD6}
		{E4AD7AF5-F900-4725-B8E1-497A68AEF004} = {192F36F0-3203-4CB1-B8B3-C959065E5AD6}
	EndGlobalSection
EndGlobal
